
Microsoft Visual Studio Solution File, Format Version 12.00
# Visual Studio Version 16
VisualStudioVersion = 16.0.33027.164
MinimumVisualStudioVersion = 10.0.40219.1
Project("{FAE04EC0-301F-11D3-BF4B-00C04F79EFBC}") = "Form_Details", "Form_Details\Form_Details.csproj", "{88171B9A-D22B-481E-AC2C-61C106505DCD}"
EndProject
Global
	GlobalSection(SolutionConfigurationPlatforms) = preSolution
		Debug|Any CPU = Debug|Any CPU
		Release|Any CPU = Release|Any CPU
	EndGlobalSection
	GlobalSection(ProjectConfigurationPlatforms) = postSolution
		{88171B9A-D22B-481E-AC2C-61C106505DCD}.Debug|Any CPU.ActiveCfg = Debug|Any CPU
		{88171B9A-D22B-481E-AC2C-61C106505DCD}.Debug|Any CPU.Build.0 = Debug|Any CPU
		{88171B9A-D22B-481E-AC2C-61C106505DCD}.Release|Any CPU.ActiveCfg = Release|Any CPU
		{88171B9A-D22B-481E-AC2C-61C106505DCD}.Release|Any CPU.Build.0 = Release|Any CPU
	EndGlobalSection
	GlobalSection(SolutionProperties) = preSolution
		HideSolutionNode = FALSE
	EndGlobalSection
	GlobalSection(ExtensibilityGlobals) = postSolution
		SolutionGuid = {537D1E26-8F34-4BEB-9FFC-7FCBEFE2C4A9}
	EndGlobalSection
EndGlobal
